
Microsoft Visual Studio Solution File, Format Version 12.00
# Visual Studio Version 17
VisualStudioVersion = 17.14.36616.10
MinimumVisualStudioVersion = 10.0.40219.1
Project("{FAE04EC0-301F-11D3-BF4B-00C04F79EFBC}") = "Przetrwaj.Api", "Przetrwaj.Api\Przetrwaj.Api.csproj", "{0E672501-22F9-48D3-B02B-C56B931C3342}"
EndProject
Project("{FAE04EC0-301F-11D3-BF4B-00C04F79EFBC}") = "Przetrwaj.Domain", "Przetrwaj.Domain\Przetrwaj.Domain.csproj", "{DCF005A3-CD03-44D3-9D5F-329D6A15F486}"
EndProject
Project("{FAE04EC0-301F-11D3-BF4B-00C04F79EFBC}") = "Przetrwaj.Application", "Przetrwaj.Application\Przetrwaj.Application.csproj", "{94DA0457-1CED-7FE1-C752-9EBBA2FDF8E5}"
EndProject
Project("{FAE04EC0-301F-11D3-BF4B-00C04F79EFBC}") = "Przetrwaj.Infrastucture", "Przetrwaj.Infrastucture\Przetrwaj.Infrastucture.csproj", "{7E9C25A6-58AF-441E-A7A1-67725FFD36BE}"
EndProject
Project("{FAE04EC0-301F-11D3-BF4B-00C04F79EFBC}") = "Przetrwaj.Presentation", "Przetrwaj.Presentation\Przetrwaj.Presentation.csproj", "{F2CF891A-0CFA-44B6-B638-360C66C1DB80}"
EndProject
Global
	GlobalSection(SolutionConfigurationPlatforms) = preSolution
		Debug|Any CPU = Debug|Any CPU
		Release|Any CPU = Release|Any CPU
	EndGlobalSection
	GlobalSection(ProjectConfigurationPlatforms) = postSolution
		{0E672501-22F9-48D3-B02B-C56B931C3342}.Debug|Any CPU.ActiveCfg = Debug|Any CPU
		{0E672501-22F9-48D3-B02B-C56B931C3342}.Debug|Any CPU.Build.0 = Debug|Any CPU
		{0E672501-22F9-48D3-B02B-C56B931C3342}.Release|Any CPU.ActiveCfg = Release|Any CPU
		{0E672501-22F9-48D3-B02B-C56B931C3342}.Release|Any CPU.Build.0 = Release|Any CPU
		{DCF005A3-CD03-44D3-9D5F-329D6A15F486}.Debug|Any CPU.ActiveCfg = Debug|Any CPU
		{DCF005A3-CD03-44D3-9D5F-329D6A15F486}.Debug|Any CPU.Build.0 = Debug|Any CPU
		{DCF005A3-CD03-44D3-9D5F-329D6A15F486}.Release|Any CPU.ActiveCfg = Release|Any CPU
		{DCF005A3-CD03-44D3-9D5F-329D6A15F486}.Release|Any CPU.Build.0 = Release|Any CPU
		{94DA0457-1CED-7FE1-C752-9EBBA2FDF8E5}.Debug|Any CPU.ActiveCfg = Debug|Any CPU
		{94DA0457-1CED-7FE1-C752-9EBBA2FDF8E5}.Debug|Any CPU.Build.0 = Debug|Any CPU
		{94DA0457-1CED-7FE1-C752-9EBBA2FDF8E5}.Release|Any CPU.ActiveCfg = Release|Any CPU
		{94DA0457-1CED-7FE1-C752-9EBBA2FDF8E5}.Release|Any CPU.Build.0 = Release|Any CPU
		{7E9C25A6-58AF-441E-A7A1-67725FFD36BE}.Debug|Any CPU.ActiveCfg = Debug|Any CPU
		{7E9C25A6-58AF-441E-A7A1-67725FFD36BE}.Debug|Any CPU.Build.0 = Debug|Any CPU
		{7E9C25A6-58AF-441E-A7A1-67725FFD36BE}.Release|Any CPU.ActiveCfg = Release|Any CPU
		{7E9C25A6-58AF-441E-A7A1-67725FFD36BE}.Release|Any CPU.Build.0 = Release|Any CPU
		{F2CF891A-0CFA-44B6-B638-360C66C1DB80}.Debug|Any CPU.ActiveCfg = Debug|Any CPU
		{F2CF891A-0CFA-44B6-B638-360C66C1DB80}.Debug|Any CPU.Build.0 = Debug|Any CPU
		{F2CF891A-0CFA-44B6-B638-360C66C1DB80}.Release|Any CPU.ActiveCfg = Release|Any CPU
		{F2CF891A-0CFA-44B6-B638-360C66C1DB80}.Release|Any CPU.Build.0 = Release|Any CPU
	EndGlobalSection
	GlobalSection(SolutionProperties) = preSolution
		HideSolutionNode = FALSE
	EndGlobalSection
	GlobalSection(ExtensibilityGlobals) = postSolution
		SolutionGuid = {CF3FF827-A6DD-49CD-BAD4-2A06FAC0CFDE}
	EndGlobalSection
EndGlobal
